
Microsoft Visual Studio Solution File, Format Version 12.00
# Visual Studio Version 16
VisualStudioVersion = 16.0.31402.337
MinimumVisualStudioVersion = 10.0.40219.1
Project("{FAE04EC0-301F-11D3-BF4B-00C04F79EFBC}") = "WindowsFormsApp1", "WindowsFormsApp1\WindowsFormsApp1.csproj", "{07070D12-08CA-4DCD-8341-FDD88D7B9219}"
EndProject
Global
	GlobalSection(SolutionConfigurationPlatforms) = preSolution
		Debug|Any CPU = Debug|Any CPU
		Release|Any CPU = Release|Any CPU
	EndGlobalSection
	GlobalSection(ProjectConfigurationPlatforms) = postSolution
		{07070D12-08CA-4DCD-8341-FDD88D7B9219}.Debug|Any CPU.ActiveCfg = Debug|Any CPU
		{07070D12-08CA-4DCD-8341-FDD88D7B9219}.Debug|Any CPU.Build.0 = Debug|Any CPU
		{07070D12-08CA-4DCD-8341-FDD88D7B9219}.Release|Any CPU.ActiveCfg = Release|Any CPU
		{07070D12-08CA-4DCD-8341-FDD88D7B9219}.Release|Any CPU.Build.0 = Release|Any CPU
	EndGlobalSection
	GlobalSection(SolutionProperties) = preSolution
		HideSolutionNode = FALSE
	EndGlobalSection
	GlobalSection(ExtensibilityGlobals) = postSolution
		SolutionGuid = {B9583D29-EF80-4AFE-9F13-84C389168254}
	EndGlobalSection
EndGlobal
